
Microsoft Visual Studio Solution File, Format Version 12.00
# Visual Studio Version 17
VisualStudioVersion = 17.13.35828.75
MinimumVisualStudioVersion = 10.0.40219.1
Project("{8BC9CEB8-8B4A-11D0-8D11-00A0C91BC942}") = "Arrays", "Arrays\Arrays.vcxproj", "{1E1D8A99-7F28-47CB-8015-A7D70DBD7076}"
EndProject
Project("{8BC9CEB8-8B4A-11D0-8D11-00A0C91BC942}") = "Shift", "Shift\Shift.vcxproj", "{E6EF5B5D-EA20-4CF8-AB9D-DD981E9B8DB8}"
EndProject
Project("{8BC9CEB8-8B4A-11D0-8D11-00A0C91BC942}") = "Reshenie_domashki_na_pare", "Reshenie_domashki_na_pare\Reshenie_domashki_na_pare.vcxproj", "{713F3128-0E06-41CB-BE3B-D856BA251290}"
EndProject
Project("{8BC9CEB8-8B4A-11D0-8D11-00A0C91BC942}") = "numerics", "numerics\numerics.vcxproj", "{C4BFA74A-378F-475D-B836-042347A9833B}"
EndProject
Project("{8BC9CEB8-8B4A-11D0-8D11-00A0C91BC942}") = "2Darrays", "2Darrays\2Darrays.vcxproj", "{673BEDA3-9B77-406E-82DA-A5DF9D7E1413}"
EndProject
Project("{8BC9CEB8-8B4A-11D0-8D11-00A0C91BC942}") = "Unique", "Unique\Unique.vcxproj", "{1AC67819-26E0-4C41-AA7D-85212F192920}"
EndProject
Project("{8BC9CEB8-8B4A-11D0-8D11-00A0C91BC942}") = "Repeats", "Repeats\Repeats.vcxproj", "{FFA0EC8B-160D-4BF7-916C-003FB6D29299}"
EndProject
Project("{8BC9CEB8-8B4A-11D0-8D11-00A0C91BC942}") = "dlya_proverki", "dlya_proverki\dlya_proverki.vcxproj", "{153686E2-F142-4A26-A595-4F03EC5E7053}"
EndProject
Project("{8BC9CEB8-8B4A-11D0-8D11-00A0C91BC942}") = "unique_2", "unique_2\unique_2.vcxproj", "{F54CCD8A-DDE5-4643-AFE0-01A97C787103}"
EndProject
Project("{8BC9CEB8-8B4A-11D0-8D11-00A0C91BC942}") = "repeats_2", "repeats_2\repeats_2.vcxproj", "{A7A715DA-6550-44AA-8019-0C803152DB6A}"
EndProject
Project("{8BC9CEB8-8B4A-11D0-8D11-00A0C91BC942}") = "mnogo_reshenii", "mnogo_reshenii\mnogo_reshenii.vcxproj", "{CF6689D8-7940-4CA7-B1D5-093C2B19663E}"
EndProject
Global
	GlobalSection(SolutionConfigurationPlatforms) = preSolution
		Debug|x64 = Debug|x64
		Debug|x86 = Debug|x86
		Release|x64 = Release|x64
		Release|x86 = Release|x86
	EndGlobalSection
	GlobalSection(ProjectConfigurationPlatforms) = postSolution
		{1E1D8A99-7F28-47CB-8015-A7D70DBD7076}.Debug|x64.ActiveCfg = Debug|x64
		{1E1D8A99-7F28-47CB-8015-A7D70DBD7076}.Debug|x64.Build.0 = Debug|x64
		{1E1D8A99-7F28-47CB-8015-A7D70DBD7076}.Debug|x86.ActiveCfg = Debug|Win32
		{1E1D8A99-7F28-47CB-8015-A7D70DBD7076}.Debug|x86.Build.0 = Debug|Win32
		{1E1D8A99-7F28-47CB-8015-A7D70DBD7076}.Release|x64.ActiveCfg = Release|x64
		{1E1D8A99-7F28-47CB-8015-A7D70DBD7076}.Release|x64.Build.0 = Release|x64
		{1E1D8A99-7F28-47CB-8015-A7D70DBD7076}.Release|x86.ActiveCfg = Release|Win32
		{1E1D8A99-7F28-47CB-8015-A7D70DBD7076}.Release|x86.Build.0 = Release|Win32
		{E6EF5B5D-EA20-4CF8-AB9D-DD981E9B8DB8}.Debug|x64.ActiveCfg = Debug|x64
		{E6EF5B5D-EA20-4CF8-AB9D-DD981E9B8DB8}.Debug|x64.Build.0 = Debug|x64
		{E6EF5B5D-EA20-4CF8-AB9D-DD981E9B8DB8}.Debug|x86.ActiveCfg = Debug|Win32
		{E6EF5B5D-EA20-4CF8-AB9D-DD981E9B8DB8}.Debug|x86.Build.0 = Debug|Win32
		{E6EF5B5D-EA20-4CF8-AB9D-DD981E9B8DB8}.Release|x64.ActiveCfg = Release|x64
		{E6EF5B5D-EA20-4CF8-AB9D-DD981E9B8DB8}.Release|x64.Build.0 = Release|x64
		{E6EF5B5D-EA20-4CF8-AB9D-DD981E9B8DB8}.Release|x86.ActiveCfg = Release|Win32
		{E6EF5B5D-EA20-4CF8-AB9D-DD981E9B8DB8}.Release|x86.Build.0 = Release|Win32
		{713F3128-0E06-41CB-BE3B-D856BA251290}.Debug|x64.ActiveCfg = Debug|x64
		{713F3128-0E06-41CB-BE3B-D856BA251290}.Debug|x64.Build.0 = Debug|x64
		{713F3128-0E06-41CB-BE3B-D856BA251290}.Debug|x86.ActiveCfg = Debug|Win32
		{713F3128-0E06-41CB-BE3B-D856BA251290}.Debug|x86.Build.0 = Debug|Win32
		{713F3128-0E06-41CB-BE3B-D856BA251290}.Release|x64.ActiveCfg = Release|x64
		{713F3128-0E06-41CB-BE3B-D856BA251290}.Release|x64.Build.0 = Release|x64
		{713F3128-0E06-41CB-BE3B-D856BA251290}.Release|x86.ActiveCfg = Release|Win32
		{713F3128-0E06-41CB-BE3B-D856BA251290}.Release|x86.Build.0 = Release|Win32
		{C4BFA74A-378F-475D-B836-042347A9833B}.Debug|x64.ActiveCfg = Debug|x64
		{C4BFA74A-378F-475D-B836-042347A9833B}.Debug|x64.Build.0 = Debug|x64
		{C4BFA74A-378F-475D-B836-042347A9833B}.Debug|x86.ActiveCfg = Debug|Win32
		{C4BFA74A-378F-475D-B836-042347A9833B}.Debug|x86.Build.0 = Debug|Win32
		{C4BFA74A-378F-475D-B836-042347A9833B}.Release|x64.ActiveCfg = Release|x64
		{C4BFA74A-378F-475D-B836-042347A9833B}.Release|x64.Build.0 = Release|x64
		{C4BFA74A-378F-475D-B836-042347A9833B}.Release|x86.ActiveCfg = Release|Win32
		{C4BFA74A-378F-475D-B836-042347A9833B}.Release|x86.Build.0 = Release|Win32
		{673BEDA3-9B77-406E-82DA-A5DF9D7E1413}.Debug|x64.ActiveCfg = Debug|x64
		{673BEDA3-9B77-406E-82DA-A5DF9D7E1413}.Debug|x64.Build.0 = Debug|x64
		{673BEDA3-9B77-406E-82DA-A5DF9D7E1413}.Debug|x86.ActiveCfg = Debug|Win32
		{673BEDA3-9B77-406E-82DA-A5DF9D7E1413}.Debug|x86.Build.0 = Debug|Win32
		{673BEDA3-9B77-406E-82DA-A5DF9D7E1413}.Release|x64.ActiveCfg = Release|x64
		{673BEDA3-9B77-406E-82DA-A5DF9D7E1413}.Release|x64.Build.0 = Release|x64
		{673BEDA3-9B77-406E-82DA-A5DF9D7E1413}.Release|x86.ActiveCfg = Release|Win32
		{673BEDA3-9B77-406E-82DA-A5DF9D7E1413}.Release|x86.Build.0 = Release|Win32
		{1AC67819-26E0-4C41-AA7D-85212F192920}.Debug|x64.ActiveCfg = Debug|x64
		{1AC67819-26E0-4C41-AA7D-85212F192920}.Debug|x64.Build.0 = Debug|x64
		{1AC67819-26E0-4C41-AA7D-85212F192920}.Debug|x86.ActiveCfg = Debug|Win32
		{1AC67819-26E0-4C41-AA7D-85212F192920}.Debug|x86.Build.0 = Debug|Win32
		{1AC67819-26E0-4C41-AA7D-85212F192920}.Release|x64.ActiveCfg = Release|x64
		{1AC67819-26E0-4C41-AA7D-85212F192920}.Release|x64.Build.0 = Release|x64
		{1AC67819-26E0-4C41-AA7D-85212F192920}.Release|x86.ActiveCfg = Release|Win32
		{1AC67819-26E0-4C41-AA7D-85212F192920}.Release|x86.Build.0 = Release|Win32
		{FFA0EC8B-160D-4BF7-916C-003FB6D29299}.Debug|x64.ActiveCfg = Debug|x64
		{FFA0EC8B-160D-4BF7-916C-003FB6D29299}.Debug|x64.Build.0 = Debug|x64
		{FFA0EC8B-160D-4BF7-916C-003FB6D29299}.Debug|x86.ActiveCfg = Debug|Win32
		{FFA0EC8B-160D-4BF7-916C-003FB6D29299}.Debug|x86.Build.0 = Debug|Win32
		{FFA0EC8B-160D-4BF7-916C-003FB6D29299}.Release|x64.ActiveCfg = Release|x64
		{FFA0EC8B-160D-4BF7-916C-003FB6D29299}.Release|x64.Build.0 = Release|x64
		{FFA0EC8B-160D-4BF7-916C-003FB6D29299}.Release|x86.ActiveCfg = Release|Win32
		{FFA0EC8B-160D-4BF7-916C-003FB6D29299}.Release|x86.Build.0 = Release|Win32
		{153686E2-F142-4A26-A595-4F03EC5E7053}.Debug|x64.ActiveCfg = Debug|x64
		{153686E2-F142-4A26-A595-4F03EC5E7053}.Debug|x64.Build.0 = Debug|x64
		{153686E2-F142-4A26-A595-4F03EC5E7053}.Debug|x86.ActiveCfg = Debug|Win32
		{153686E2-F142-4A26-A595-4F03EC5E7053}.Debug|x86.Build.0 = Debug|Win32
		{153686E2-F142-4A26-A595-4F03EC5E7053}.Release|x64.ActiveCfg = Release|x64
		{153686E2-F142-4A26-A595-4F03EC5E7053}.Release|x64.Build.0 = Release|x64
		{153686E2-F142-4A26-A595-4F03EC5E7053}.Release|x86.ActiveCfg = Release|Win32
		{153686E2-F142-4A26-A595-4F03EC5E7053}.Release|x86.Build.0 = Release|Win32
		{F54CCD8A-DDE5-4643-AFE0-01A97C787103}.Debug|x64.ActiveCfg = Debug|x64
		{F54CCD8A-DDE5-4643-AFE0-01A97C787103}.Debug|x64.Build.0 = Debug|x64
		{F54CCD8A-DDE5-4643-AFE0-01A97C787103}.Debug|x86.ActiveCfg = Debug|Win32
		{F54CCD8A-DDE5-4643-AFE0-01A97C787103}.Debug|x86.Build.0 = Debug|Win32
		{F54CCD8A-DDE5-4643-AFE0-01A97C787103}.Release|x64.ActiveCfg = Release|x64
		{F54CCD8A-DDE5-4643-AFE0-01A97C787103}.Release|x64.Build.0 = Release|x64
		{F54CCD8A-DDE5-4643-AFE0-01A97C787103}.Release|x86.ActiveCfg = Release|Win32
		{F54CCD8A-DDE5-4643-AFE0-01A97C787103}.Release|x86.Build.0 = Release|Win32
		{A7A715DA-6550-44AA-8019-0C803152DB6A}.Debug|x64.ActiveCfg = Debug|x64
		{A7A715DA-6550-44AA-8019-0C803152DB6A}.Debug|x64.Build.0 = Debug|x64
		{A7A715DA-6550-44AA-8019-0C803152DB6A}.Debug|x86.ActiveCfg = Debug|Win32
		{A7A715DA-6550-44AA-8019-0C803152DB6A}.Debug|x86.Build.0 = Debug|Win32
		{A7A715DA-6550-44AA-8019-0C803152DB6A}.Release|x64.ActiveCfg = Release|x64
		{A7A715DA-6550-44AA-8019-0C803152DB6A}.Release|x64.Build.0 = Release|x64
		{A7A715DA-6550-44AA-8019-0C803152DB6A}.Release|x86.ActiveCfg = Release|Win32
		{A7A715DA-6550-44AA-8019-0C803152DB6A}.Release|x86.Build.0 = Release|Win32
		{CF6689D8-7940-4CA7-B1D5-093C2B19663E}.Debug|x64.ActiveCfg = Debug|x64
		{CF6689D8-7940-4CA7-B1D5-093C2B19663E}.Debug|x64.Build.0 = Debug|x64
		{CF6689D8-7940-4CA7-B1D5-093C2B19663E}.Debug|x86.ActiveCfg = Debug|Win32
		{CF6689D8-7940-4CA7-B1D5-093C2B19663E}.Debug|x86.Build.0 = Debug|Win32
		{CF6689D8-7940-4CA7-B1D5-093C2B19663E}.Release|x64.ActiveCfg = Release|x64
		{CF6689D8-7940-4CA7-B1D5-093C2B19663E}.Release|x64.Build.0 = Release|x64
		{CF6689D8-7940-4CA7-B1D5-093C2B19663E}.Release|x86.ActiveCfg = Release|Win32
		{CF6689D8-7940-4CA7-B1D5-093C2B19663E}.Release|x86.Build.0 = Release|Win32
	EndGlobalSection
	GlobalSection(SolutionProperties) = preSolution
		HideSolutionNode = FALSE
	EndGlobalSection
	GlobalSection(ExtensibilityGlobals) = postSolution
		SolutionGuid = {6A3A421E-6DB5-40C1-8001-84EA8F0CB56E}
	EndGlobalSection
EndGlobal
