
Microsoft Visual Studio Solution File, Format Version 12.00
# Visual Studio Version 17
VisualStudioVersion = 17.13.35828.75
MinimumVisualStudioVersion = 10.0.40219.1
Project("{8BC9CEB8-8B4A-11D0-8D11-00A0C91BC942}") = "Arrays", "Arrays\Arrays.vcxproj", "{1E1D8A99-7F28-47CB-8015-A7D70DBD7076}"
EndProject
Project("{8BC9CEB8-8B4A-11D0-8D11-00A0C91BC942}") = "Shift", "Shift\Shift.vcxproj", "{E6EF5B5D-EA20-4CF8-AB9D-DD981E9B8DB8}"
EndProject
Global
	GlobalSection(SolutionConfigurationPlatforms) = preSolution
		Debug|x64 = Debug|x64
		Debug|x86 = Debug|x86
		Release|x64 = Release|x64
		Release|x86 = Release|x86
	EndGlobalSection
	GlobalSection(ProjectConfigurationPlatforms) = postSolution
		{1E1D8A99-7F28-47CB-8015-A7D70DBD7076}.Debug|x64.ActiveCfg = Debug|x64
		{1E1D8A99-7F28-47CB-8015-A7D70DBD7076}.Debug|x64.Build.0 = Debug|x64
		{1E1D8A99-7F28-47CB-8015-A7D70DBD7076}.Debug|x86.ActiveCfg = Debug|Win32
		{1E1D8A99-7F28-47CB-8015-A7D70DBD7076}.Debug|x86.Build.0 = Debug|Win32
		{1E1D8A99-7F28-47CB-8015-A7D70DBD7076}.Release|x64.ActiveCfg = Release|x64
		{1E1D8A99-7F28-47CB-8015-A7D70DBD7076}.Release|x64.Build.0 = Release|x64
		{1E1D8A99-7F28-47CB-8015-A7D70DBD7076}.Release|x86.ActiveCfg = Release|Win32
		{1E1D8A99-7F28-47CB-8015-A7D70DBD7076}.Release|x86.Build.0 = Release|Win32
		{E6EF5B5D-EA20-4CF8-AB9D-DD981E9B8DB8}.Debug|x64.ActiveCfg = Debug|x64
		{E6EF5B5D-EA20-4CF8-AB9D-DD981E9B8DB8}.Debug|x64.Build.0 = Debug|x64
		{E6EF5B5D-EA20-4CF8-AB9D-DD981E9B8DB8}.Debug|x86.ActiveCfg = Debug|Win32
		{E6EF5B5D-EA20-4CF8-AB9D-DD981E9B8DB8}.Debug|x86.Build.0 = Debug|Win32
		{E6EF5B5D-EA20-4CF8-AB9D-DD981E9B8DB8}.Release|x64.ActiveCfg = Release|x64
		{E6EF5B5D-EA20-4CF8-AB9D-DD981E9B8DB8}.Release|x64.Build.0 = Release|x64
		{E6EF5B5D-EA20-4CF8-AB9D-DD981E9B8DB8}.Release|x86.ActiveCfg = Release|Win32
		{E6EF5B5D-EA20-4CF8-AB9D-DD981E9B8DB8}.Release|x86.Build.0 = Release|Win32
	EndGlobalSection
	GlobalSection(SolutionProperties) = preSolution
		HideSolutionNode = FALSE
	EndGlobalSection
	GlobalSection(ExtensibilityGlobals) = postSolution
		SolutionGuid = {6A3A421E-6DB5-40C1-8001-84EA8F0CB56E}
	EndGlobalSection
EndGlobal
